
Microsoft Visual Studio Solution File, Format Version 12.00
# Visual Studio Version 17
VisualStudioVersion = 17.0.31903.59
MinimumVisualStudioVersion = 10.0.40219.1
Project("{FAE04EC0-301F-11D3-BF4B-00C04F79EFBC}") = "CrashTest", "CrashTest\CrashTest.csproj", "{A21CC0FD-347F-4E7B-895D-A4DC65EAF8EE}"
EndProject
Global
	GlobalSection(SolutionConfigurationPlatforms) = preSolution
		Debug|Any CPU = Debug|Any CPU
		Release|Any CPU = Release|Any CPU
	EndGlobalSection
	GlobalSection(ProjectConfigurationPlatforms) = postSolution
		{A21CC0FD-347F-4E7B-895D-A4DC65EAF8EE}.Debug|Any CPU.ActiveCfg = Debug|Any CPU
		{A21CC0FD-347F-4E7B-895D-A4DC65EAF8EE}.Debug|Any CPU.Build.0 = Debug|Any CPU
		{A21CC0FD-347F-4E7B-895D-A4DC65EAF8EE}.Release|Any CPU.ActiveCfg = Release|Any CPU
		{A21CC0FD-347F-4E7B-895D-A4DC65EAF8EE}.Release|Any CPU.Build.0 = Release|Any CPU
	EndGlobalSection
	GlobalSection(SolutionProperties) = preSolution
		HideSolutionNode = FALSE
	EndGlobalSection
	GlobalSection(ExtensibilityGlobals) = postSolution
		SolutionGuid = {B7D047B4-7F3D-4BD8-9FA0-91D64A1CE0D4}
	EndGlobalSection
EndGlobal
